
Microsoft Visual Studio Solution File, Format Version 12.00
# Visual Studio Version 16
VisualStudioVersion = 16.0.30503.244
MinimumVisualStudioVersion = 10.0.40219.1
Project("{8BC9CEB8-8B4A-11D0-8D11-00A0C91BC942}") = "Task_1", "Task_1\Task_1.vcxproj", "{BE2933B8-CA74-4750-933E-0965149B8155}"
EndProject
Project("{8BC9CEB8-8B4A-11D0-8D11-00A0C91BC942}") = "Task_2", "Task_2\Task_2.vcxproj", "{4B68630B-4B55-416D-B70E-54B270F98B5D}"
EndProject
Project("{8BC9CEB8-8B4A-11D0-8D11-00A0C91BC942}") = "Task_3", "Task_3\Task_3.vcxproj", "{E1A87ADC-2F6F-42FF-9005-347DA4A0EF80}"
EndProject
Project("{8BC9CEB8-8B4A-11D0-8D11-00A0C91BC942}") = "Task_4", "Task_4\Task_4.vcxproj", "{F3CBB43A-959C-4BE2-AACE-4353687266EE}"
EndProject
Global
	GlobalSection(SolutionConfigurationPlatforms) = preSolution
		Debug|x64 = Debug|x64
		Debug|x86 = Debug|x86
		Release|x64 = Release|x64
		Release|x86 = Release|x86
	EndGlobalSection
	GlobalSection(ProjectConfigurationPlatforms) = postSolution
		{BE2933B8-CA74-4750-933E-0965149B8155}.Debug|x64.ActiveCfg = Debug|x64
		{BE2933B8-CA74-4750-933E-0965149B8155}.Debug|x64.Build.0 = Debug|x64
		{BE2933B8-CA74-4750-933E-0965149B8155}.Debug|x86.ActiveCfg = Debug|Win32
		{BE2933B8-CA74-4750-933E-0965149B8155}.Debug|x86.Build.0 = Debug|Win32
		{BE2933B8-CA74-4750-933E-0965149B8155}.Release|x64.ActiveCfg = Release|x64
		{BE2933B8-CA74-4750-933E-0965149B8155}.Release|x64.Build.0 = Release|x64
		{BE2933B8-CA74-4750-933E-0965149B8155}.Release|x86.ActiveCfg = Release|Win32
		{BE2933B8-CA74-4750-933E-0965149B8155}.Release|x86.Build.0 = Release|Win32
		{4B68630B-4B55-416D-B70E-54B270F98B5D}.Debug|x64.ActiveCfg = Debug|x64
		{4B68630B-4B55-416D-B70E-54B270F98B5D}.Debug|x64.Build.0 = Debug|x64
		{4B68630B-4B55-416D-B70E-54B270F98B5D}.Debug|x86.ActiveCfg = Debug|Win32
		{4B68630B-4B55-416D-B70E-54B270F98B5D}.Debug|x86.Build.0 = Debug|Win32
		{4B68630B-4B55-416D-B70E-54B270F98B5D}.Release|x64.ActiveCfg = Release|x64
		{4B68630B-4B55-416D-B70E-54B270F98B5D}.Release|x64.Build.0 = Release|x64
		{4B68630B-4B55-416D-B70E-54B270F98B5D}.Release|x86.ActiveCfg = Release|Win32
		{4B68630B-4B55-416D-B70E-54B270F98B5D}.Release|x86.Build.0 = Release|Win32
		{E1A87ADC-2F6F-42FF-9005-347DA4A0EF80}.Debug|x64.ActiveCfg = Debug|x64
		{E1A87ADC-2F6F-42FF-9005-347DA4A0EF80}.Debug|x64.Build.0 = Debug|x64
		{E1A87ADC-2F6F-42FF-9005-347DA4A0EF80}.Debug|x86.ActiveCfg = Debug|Win32
		{E1A87ADC-2F6F-42FF-9005-347DA4A0EF80}.Debug|x86.Build.0 = Debug|Win32
		{E1A87ADC-2F6F-42FF-9005-347DA4A0EF80}.Release|x64.ActiveCfg = Release|x64
		{E1A87ADC-2F6F-42FF-9005-347DA4A0EF80}.Release|x64.Build.0 = Release|x64
		{E1A87ADC-2F6F-42FF-9005-347DA4A0EF80}.Release|x86.ActiveCfg = Release|Win32
		{E1A87ADC-2F6F-42FF-9005-347DA4A0EF80}.Release|x86.Build.0 = Release|Win32
		{F3CBB43A-959C-4BE2-AACE-4353687266EE}.Debug|x64.ActiveCfg = Debug|x64
		{F3CBB43A-959C-4BE2-AACE-4353687266EE}.Debug|x64.Build.0 = Debug|x64
		{F3CBB43A-959C-4BE2-AACE-4353687266EE}.Debug|x86.ActiveCfg = Debug|Win32
		{F3CBB43A-959C-4BE2-AACE-4353687266EE}.Debug|x86.Build.0 = Debug|Win32
		{F3CBB43A-959C-4BE2-AACE-4353687266EE}.Release|x64.ActiveCfg = Release|x64
		{F3CBB43A-959C-4BE2-AACE-4353687266EE}.Release|x64.Build.0 = Release|x64
		{F3CBB43A-959C-4BE2-AACE-4353687266EE}.Release|x86.ActiveCfg = Release|Win32
		{F3CBB43A-959C-4BE2-AACE-4353687266EE}.Release|x86.Build.0 = Release|Win32
	EndGlobalSection
	GlobalSection(SolutionProperties) = preSolution
		HideSolutionNode = FALSE
	EndGlobalSection
	GlobalSection(ExtensibilityGlobals) = postSolution
		SolutionGuid = {3AA48DD7-34C0-4744-8BBF-90D2FFB2254B}
	EndGlobalSection
EndGlobal
